
Microsoft Visual Studio Solution File, Format Version 12.00
# Visual Studio Version 16
VisualStudioVersion = 16.0.31515.178
MinimumVisualStudioVersion = 10.0.40219.1
Project("{FAE04EC0-301F-11D3-BF4B-00C04F79EFBC}") = "ASP.NETCoreWebAPI", "ASP.NETCoreWebAPI\ASP.NETCoreWebAPI.csproj", "{A5605CBB-88AD-4BD6-AC0A-C70DA69FA74A}"
EndProject
Global
	GlobalSection(SolutionConfigurationPlatforms) = preSolution
		Debug|Any CPU = Debug|Any CPU
		Release|Any CPU = Release|Any CPU
	EndGlobalSection
	GlobalSection(ProjectConfigurationPlatforms) = postSolution
		{A5605CBB-88AD-4BD6-AC0A-C70DA69FA74A}.Debug|Any CPU.ActiveCfg = Debug|Any CPU
		{A5605CBB-88AD-4BD6-AC0A-C70DA69FA74A}.Debug|Any CPU.Build.0 = Debug|Any CPU
		{A5605CBB-88AD-4BD6-AC0A-C70DA69FA74A}.Release|Any CPU.ActiveCfg = Release|Any CPU
		{A5605CBB-88AD-4BD6-AC0A-C70DA69FA74A}.Release|Any CPU.Build.0 = Release|Any CPU
	EndGlobalSection
	GlobalSection(SolutionProperties) = preSolution
		HideSolutionNode = FALSE
	EndGlobalSection
	GlobalSection(ExtensibilityGlobals) = postSolution
		SolutionGuid = {3CB73CC1-4E83-4F6F-92F7-0E753CC87A39}
	EndGlobalSection
EndGlobal
